
Microsoft Visual Studio Solution File, Format Version 12.00
# Visual Studio Version 17
VisualStudioVersion = 17.7.34221.43
MinimumVisualStudioVersion = 10.0.40219.1
Project("{FAE04EC0-301F-11D3-BF4B-00C04F79EFBC}") = "Meteora.Main", "Meteora.Main\Meteora.Main.csproj", "{ED18B18A-E728-48B1-B665-88CA1B10965A}"
EndProject
Global
	GlobalSection(SolutionConfigurationPlatforms) = preSolution
		Debug|Any CPU = Debug|Any CPU
		Release|Any CPU = Release|Any CPU
	EndGlobalSection
	GlobalSection(ProjectConfigurationPlatforms) = postSolution
		{ED18B18A-E728-48B1-B665-88CA1B10965A}.Debug|Any CPU.ActiveCfg = Debug|Any CPU
		{ED18B18A-E728-48B1-B665-88CA1B10965A}.Debug|Any CPU.Build.0 = Debug|Any CPU
		{ED18B18A-E728-48B1-B665-88CA1B10965A}.Release|Any CPU.ActiveCfg = Release|Any CPU
		{ED18B18A-E728-48B1-B665-88CA1B10965A}.Release|Any CPU.Build.0 = Release|Any CPU
	EndGlobalSection
	GlobalSection(SolutionProperties) = preSolution
		HideSolutionNode = FALSE
	EndGlobalSection
	GlobalSection(ExtensibilityGlobals) = postSolution
		SolutionGuid = {23D21F87-4091-4277-9CE5-73D52B5C05B4}
	EndGlobalSection
EndGlobal
